
Microsoft Visual Studio Solution File, Format Version 12.00
# Visual Studio 15
VisualStudioVersion = 15.0.28307.421
MinimumVisualStudioVersion = 10.0.40219.1
Project("{FAE04EC0-301F-11D3-BF4B-00C04F79EFBC}") = "CalcularMedia", "WindowsFormsApp1\CalcularMedia.csproj", "{8159FA6B-8FDA-4393-8FDA-E942E9ABB86E}"
EndProject
Project("{FAE04EC0-301F-11D3-BF4B-00C04F79EFBC}") = "Desafio1", "Desafio1\Desafio1.csproj", "{9E69753D-71BD-427F-91CD-16264465B2A3}"
EndProject
Project("{FAE04EC0-301F-11D3-BF4B-00C04F79EFBC}") = "Desafio2", "Desafio2\Desafio2.csproj", "{22377523-F184-4801-A556-BBFBA57ECAAA}"
EndProject
Global
	GlobalSection(SolutionConfigurationPlatforms) = preSolution
		Debug|Any CPU = Debug|Any CPU
		Release|Any CPU = Release|Any CPU
	EndGlobalSection
	GlobalSection(ProjectConfigurationPlatforms) = postSolution
		{8159FA6B-8FDA-4393-8FDA-E942E9ABB86E}.Debug|Any CPU.ActiveCfg = Debug|Any CPU
		{8159FA6B-8FDA-4393-8FDA-E942E9ABB86E}.Debug|Any CPU.Build.0 = Debug|Any CPU
		{8159FA6B-8FDA-4393-8FDA-E942E9ABB86E}.Release|Any CPU.ActiveCfg = Release|Any CPU
		{8159FA6B-8FDA-4393-8FDA-E942E9ABB86E}.Release|Any CPU.Build.0 = Release|Any CPU
		{9E69753D-71BD-427F-91CD-16264465B2A3}.Debug|Any CPU.ActiveCfg = Debug|Any CPU
		{9E69753D-71BD-427F-91CD-16264465B2A3}.Debug|Any CPU.Build.0 = Debug|Any CPU
		{9E69753D-71BD-427F-91CD-16264465B2A3}.Release|Any CPU.ActiveCfg = Release|Any CPU
		{9E69753D-71BD-427F-91CD-16264465B2A3}.Release|Any CPU.Build.0 = Release|Any CPU
		{22377523-F184-4801-A556-BBFBA57ECAAA}.Debug|Any CPU.ActiveCfg = Debug|Any CPU
		{22377523-F184-4801-A556-BBFBA57ECAAA}.Debug|Any CPU.Build.0 = Debug|Any CPU
		{22377523-F184-4801-A556-BBFBA57ECAAA}.Release|Any CPU.ActiveCfg = Release|Any CPU
		{22377523-F184-4801-A556-BBFBA57ECAAA}.Release|Any CPU.Build.0 = Release|Any CPU
	EndGlobalSection
	GlobalSection(SolutionProperties) = preSolution
		HideSolutionNode = FALSE
	EndGlobalSection
	GlobalSection(ExtensibilityGlobals) = postSolution
		SolutionGuid = {C08F67F0-C25B-4CF5-ABDF-05D1368A0507}
	EndGlobalSection
EndGlobal
