
Microsoft Visual Studio Solution File, Format Version 12.00
# Visual Studio Version 16
VisualStudioVersion = 16.0.30711.63
MinimumVisualStudioVersion = 10.0.40219.1
Project("{FAE04EC0-301F-11D3-BF4B-00C04F79EFBC}") = "TabSalProf", "..\..\..\2-ADS271\POO\2019-08-24\TabSalProf\TabSalProf.csproj", "{7F40D5AF-A082-4BDB-9474-1F46D10FD992}"
EndProject
Global
	GlobalSection(SolutionConfigurationPlatforms) = preSolution
		Debug|Any CPU = Debug|Any CPU
		Release|Any CPU = Release|Any CPU
	EndGlobalSection
	GlobalSection(ProjectConfigurationPlatforms) = postSolution
		{7F40D5AF-A082-4BDB-9474-1F46D10FD992}.Debug|Any CPU.ActiveCfg = Debug|Any CPU
		{7F40D5AF-A082-4BDB-9474-1F46D10FD992}.Debug|Any CPU.Build.0 = Debug|Any CPU
		{7F40D5AF-A082-4BDB-9474-1F46D10FD992}.Release|Any CPU.ActiveCfg = Release|Any CPU
		{7F40D5AF-A082-4BDB-9474-1F46D10FD992}.Release|Any CPU.Build.0 = Release|Any CPU
	EndGlobalSection
	GlobalSection(SolutionProperties) = preSolution
		HideSolutionNode = FALSE
	EndGlobalSection
	GlobalSection(ExtensibilityGlobals) = postSolution
		SolutionGuid = {88E93A5B-8172-439A-9498-84A2C5B83F83}
	EndGlobalSection
EndGlobal
